
Microsoft Visual Studio Solution File, Format Version 12.00
# Visual Studio Version 17
VisualStudioVersion = 17.1.32210.238
MinimumVisualStudioVersion = 10.0.40219.1
Project("{FAE04EC0-301F-11D3-BF4B-00C04F79EFBC}") = "WebApi", "WebApi\WebApi.csproj", "{0D911651-6680-49EF-91F5-5F4C0FBE9A66}"
EndProject
Project("{FAE04EC0-301F-11D3-BF4B-00C04F79EFBC}") = "Mvc", "Mvc\Mvc.csproj", "{31EEFFFC-27E7-4E01-B1C8-8BBB08E65F95}"
EndProject
Global
	GlobalSection(SolutionConfigurationPlatforms) = preSolution
		Debug|Any CPU = Debug|Any CPU
		Release|Any CPU = Release|Any CPU
	EndGlobalSection
	GlobalSection(ProjectConfigurationPlatforms) = postSolution
		{0D911651-6680-49EF-91F5-5F4C0FBE9A66}.Debug|Any CPU.ActiveCfg = Debug|Any CPU
		{0D911651-6680-49EF-91F5-5F4C0FBE9A66}.Debug|Any CPU.Build.0 = Debug|Any CPU
		{0D911651-6680-49EF-91F5-5F4C0FBE9A66}.Release|Any CPU.ActiveCfg = Release|Any CPU
		{0D911651-6680-49EF-91F5-5F4C0FBE9A66}.Release|Any CPU.Build.0 = Release|Any CPU
		{31EEFFFC-27E7-4E01-B1C8-8BBB08E65F95}.Debug|Any CPU.ActiveCfg = Debug|Any CPU
		{31EEFFFC-27E7-4E01-B1C8-8BBB08E65F95}.Debug|Any CPU.Build.0 = Debug|Any CPU
		{31EEFFFC-27E7-4E01-B1C8-8BBB08E65F95}.Release|Any CPU.ActiveCfg = Release|Any CPU
		{31EEFFFC-27E7-4E01-B1C8-8BBB08E65F95}.Release|Any CPU.Build.0 = Release|Any CPU
	EndGlobalSection
	GlobalSection(SolutionProperties) = preSolution
		HideSolutionNode = FALSE
	EndGlobalSection
	GlobalSection(ExtensibilityGlobals) = postSolution
		SolutionGuid = {0592012D-0DFD-4F3E-A580-52DB8653997F}
	EndGlobalSection
EndGlobal
